// !$*UTF8*$!
{
	archiveVersion = 1;
	classes = {
	};
	objectVersion = 50;
	objects = {

/* Begin PBXBuildFile section */
		08DA45F92558DA89006521FA /* AppDelegate.swift in Sources */ = {isa = PBXBuildFile; fileRef = 08DA45F82558DA89006521FA /* AppDelegate.swift */; };
		08DA45FB2558DA89006521FA /* SceneDelegate.swift in Sources */ = {isa = PBXBuildFile; fileRef = 08DA45FA2558DA89006521FA /* SceneDelegate.swift */; };
		08DA45FD2558DA89006521FA /* ViewController.swift in Sources */ = {isa = PBXBuildFile; fileRef = 08DA45FC2558DA89006521FA /* ViewController.swift */; };
		08DA46002558DA89006521FA /* Main.storyboard in Resources */ = {isa = PBXBuildFile; fileRef = 08DA45FE2558DA89006521FA /* Main.storyboard */; };
		08DA46022558DA8C006521FA /* Assets.xcassets in Resources */ = {isa = PBXBuildFile; fileRef = 08DA46012558DA8C006521FA /* Assets.xcassets */; };
		08DA46052558DA8C006521FA /* LaunchScreen.storyboard in Resources */ = {isa = PBXBuildFile; fileRef = 08DA46032558DA8C006521FA /* LaunchScreen.storyboard */; };
		08DA460E2558DF2B006521FA /* CellTableView.swift in Sources */ = {isa = PBXBuildFile; fileRef = 08DA460D2558DF2B006521FA /* CellTableView.swift */; };
		08DA46112558E78E006521FA /* ViewControllerTwo.swift in Sources */ = {isa = PBXBuildFile; fileRef = 08DA46102558E78E006521FA /* ViewControllerTwo.swift */; };
		08DA46152558EDED006521FA /* Model (Data).swift in Sources */ = {isa = PBXBuildFile; fileRef = 08DA46142558EDED006521FA /* Model (Data).swift */; };
		08DA46182559113A006521FA /* ViewControllerThree.swift in Sources */ = {isa = PBXBuildFile; fileRef = 08DA46172559113A006521FA /* ViewControllerThree.swift */; };
/* End PBXBuildFile section */

/* Begin PBXFileReference section */
		08DA45F52558DA89006521FA /* VoteForProgrammingLanguage.app */ = {isa = PBXFileReference; explicitFileType = wrapper.application; includeInIndex = 0; path = VoteForProgrammingLanguage.app; sourceTree = BUILT_PRODUCTS_DIR; };
		08DA45F82558DA89006521FA /* AppDelegate.swift */ = {isa = PBXFileReference; lastKnownFileType = sourcecode.swift; path = AppDelegate.swift; sourceTree = "<group>"; };
		08DA45FA2558DA89006521FA /* SceneDelegate.swift */ = {isa = PBXFileReference; lastKnownFileType = sourcecode.swift; path = SceneDelegate.swift; sourceTree = "<group>"; };
		08DA45FC2558DA89006521FA /* ViewController.swift */ = {isa = PBXFileReference; lastKnownFileType = sourcecode.swift; path = ViewController.swift; sourceTree = "<group>"; };
		08DA45FF2558DA89006521FA /* Base */ = {isa = PBXFileReference; lastKnownFileType = file.storyboard; name = Base; path = Base.lproj/Main.storyboard; sourceTree = "<group>"; };
		08DA46012558DA8C006521FA /* Assets.xcassets */ = {isa = PBXFileReference; lastKnownFileType = folder.assetcatalog; path = Assets.xcassets; sourceTree = "<group>"; };
		08DA46042558DA8C006521FA /* Base */ = {isa = PBXFileReference; lastKnownFileType = file.storyboard; name = Base; path = Base.lproj/LaunchScreen.storyboard; sourceTree = "<group>"; };
		08DA46062558DA8C006521FA /* Info.plist */ = {isa = PBXFileReference; lastKnownFileType = text.plist.xml; path = Info.plist; sourceTree = "<group>"; };
		08DA460D2558DF2B006521FA /* CellTableView.swift */ = {isa = PBXFileReference; lastKnownFileType = sourcecode.swift; path = CellTableView.swift; sourceTree = "<group>"; };
		08DA46102558E78E006521FA /* ViewControllerTwo.swift */ = {isa = PBXFileReference; lastKnownFileType = sourcecode.swift; path = ViewControllerTwo.swift; sourceTree = "<group>"; };
		08DA46142558EDED006521FA /* Model (Data).swift */ = {isa = PBXFileReference; lastKnownFileType = sourcecode.swift; path = "Model (Data).swift"; sourceTree = "<group>"; };
		08DA46172559113A006521FA /* ViewControllerThree.swift */ = {isa = PBXFileReference; lastKnownFileType = sourcecode.swift; path = ViewControllerThree.swift; sourceTree = "<group>"; };
/* End PBXFileReference section */

/* Begin PBXFrameworksBuildPhase section */
		08DA45F22558DA89006521FA /* Frameworks */ = {
			isa = PBXFrameworksBuildPhase;
			buildActionMask = 2147483647;
			files = (
			);
			runOnlyForDeploymentPostprocessing = 0;
		};
/* End PBXFrameworksBuildPhase section */

/* Begin PBXGroup section */
		08DA45EC2558DA89006521FA = {
			isa = PBXGroup;
			children = (
				08DA45F72558DA89006521FA /* VoteForProgrammingLanguage */,
				08DA45F62558DA89006521FA /* Products */,
			);
			sourceTree = "<group>";
		};
		08DA45F62558DA89006521FA /* Products */ = {
			isa = PBXGroup;
			children = (
				08DA45F52558DA89006521FA /* VoteForProgrammingLanguage.app */,
			);
			name = Products;
			sourceTree = "<group>";
		};
		08DA45F72558DA89006521FA /* VoteForProgrammingLanguage */ = {
			isa = PBXGroup;
			children = (
				08DA45F82558DA89006521FA /* AppDelegate.swift */,
				08DA45FA2558DA89006521FA /* SceneDelegate.swift */,
				08DA461D25592399006521FA /* View */,
				08DA461C2559238B006521FA /* Model  */,
				08DA461B2559237E006521FA /* Controllers */,
				08DA46012558DA8C006521FA /* Assets.xcassets */,
				08DA46032558DA8C006521FA /* LaunchScreen.storyboard */,
				08DA46062558DA8C006521FA /* Info.plist */,
			);
			path = VoteForProgrammingLanguage;
			sourceTree = "<group>";
		};
		08DA461B2559237E006521FA /* Controllers */ = {
			isa = PBXGroup;
			children = (
				08DA45FC2558DA89006521FA /* ViewController.swift */,
				08DA46102558E78E006521FA /* ViewControllerTwo.swift */,
				08DA46172559113A006521FA /* ViewControllerThree.swift */,
				08DA460D2558DF2B006521FA /* CellTableView.swift */,
			);
			path = Controllers;
			sourceTree = "<group>";
		};
		08DA461C2559238B006521FA /* Model  */ = {
			isa = PBXGroup;
			children = (
				08DA46142558EDED006521FA /* Model (Data).swift */,
			);
			path = "Model ";
			sourceTree = "<group>";
		};
		08DA461D25592399006521FA /* View */ = {
			isa = PBXGroup;
			children = (
				08DA45FE2558DA89006521FA /* Main.storyboard */,
			);
			path = View;
			sourceTree = "<group>";
		};
/* End PBXGroup section */

/* Begin PBXNativeTarget section */
		08DA45F42558DA89006521FA /* VoteForProgrammingLanguage */ = {
			isa = PBXNativeTarget;
			buildConfigurationList = 08DA46092558DA8C006521FA /* Build configuration list for PBXNativeTarget "VoteForProgrammingLanguage" */;
			buildPhases = (
				08DA45F12558DA89006521FA /* Sources */,
				08DA45F22558DA89006521FA /* Frameworks */,
				08DA45F32558DA89006521FA /* Resources */,
			);
			buildRules = (
			);
			dependencies = (
			);
			name = VoteForProgrammingLanguage;
			productName = VoteForProgrammingLanguage;
			productReference = 08DA45F52558DA89006521FA /* VoteForProgrammingLanguage.app */;
			productType = "com.apple.product-type.application";
		};
/* End PBXNativeTarget section */

/* Begin PBXProject section */
		08DA45ED2558DA89006521FA /* Project object */ = {
			isa = PBXProject;
			attributes = {
				LastSwiftUpdateCheck = 1210;
				LastUpgradeCheck = 1210;
				TargetAttributes = {
					08DA45F42558DA89006521FA = {
						CreatedOnToolsVersion = 12.1;
					};
				};
			};
			buildConfigurationList = 08DA45F02558DA89006521FA /* Build configuration list for PBXProject "VoteForProgrammingLanguage" */;
			compatibilityVersion = "Xcode 9.3";
			developmentRegion = en;
			hasScannedForEncodings = 0;
			knownRegions = (
				en,
				Base,
			);
			mainGroup = 08DA45EC2558DA89006521FA;
			productRefGroup = 08DA45F62558DA89006521FA /* Products */;
			projectDirPath = "";
			projectRoot = "";
			targets = (
				08DA45F42558DA89006521FA /* VoteForProgrammingLanguage */,
			);
		};
/* End PBXProject section */

/* Begin PBXResourcesBuildPhase section */
		08DA45F32558DA89006521FA /* Resources */ = {
			isa = PBXResourcesBuildPhase;
			buildActionMask = 2147483647;
			files = (
				08DA46052558DA8C006521FA /* LaunchScreen.storyboard in Resources */,
				08DA46022558DA8C006521FA /* Assets.xcassets in Resources */,
				08DA46002558DA89006521FA /* Main.storyboard in Resources */,
			);
			runOnlyForDeploymentPostprocessing = 0;
		};
/* End PBXResourcesBuildPhase section */

/* Begin PBXSourcesBuildPhase section */
		08DA45F12558DA89006521FA /* Sources */ = {
			isa = PBXSourcesBuildPhase;
			buildActionMask = 2147483647;
			files = (
				08DA46112558E78E006521FA /* ViewControllerTwo.swift in Sources */,
				08DA45FD2558DA89006521FA /* ViewController.swift in Sources */,
				08DA460E2558DF2B006521FA /* CellTableView.swift in Sources */,
				08DA46152558EDED006521FA /* Model (Data).swift in Sources */,
				08DA45F92558DA89006521FA /* AppDelegate.swift in Sources */,
				08DA46182559113A006521FA /* ViewControllerThree.swift in Sources */,
				08DA45FB2558DA89006521FA /* SceneDelegate.swift in Sources */,
			);
			runOnlyForDeploymentPostprocessing = 0;
		};
/* End PBXSourcesBuildPhase section */

/* Begin PBXVariantGroup section */
		08DA45FE2558DA89006521FA /* Main.storyboard */ = {
			isa = PBXVariantGroup;
			children = (
				08DA45FF2558DA89006521FA /* Base */,
			);
			name = Main.storyboard;
			sourceTree = "<group>";
		};
		08DA46032558DA8C006521FA /* LaunchScreen.storyboard */ = {
			isa = PBXVariantGroup;
			children = (
				08DA46042558DA8C006521FA /* Base */,
			);
			name = LaunchScreen.storyboard;
			sourceTree = "<group>";
		};
/* End PBXVariantGroup section */

/* Begin XCBuildConfiguration section */
		08DA46072558DA8C006521FA /* Debug */ = {
			isa = XCBuildConfiguration;
			buildSettings = {
				ALWAYS_SEARCH_USER_PATHS = NO;
				CLANG_ANALYZER_NONNULL = YES;
				CLANG_ANALYZER_NUMBER_OBJECT_CONVERSION = YES_AGGRESSIVE;
				CLANG_CXX_LANGUAGE_STANDARD = "gnu++14";
				CLANG_CXX_LIBRARY = "libc++";
				CLANG_ENABLE_MODULES = YES;
				CLANG_ENABLE_OBJC_ARC = YES;
				CLANG_ENABLE_OBJC_WEAK = YES;
				CLANG_WARN_BLOCK_CAPTURE_AUTORELEASING = YES;
				CLANG_WARN_BOOL_CONVERSION = YES;
				CLANG_WARN_COMMA = YES;
				CLANG_WARN_CONSTANT_CONVERSION = YES;
				CLANG_WARN_DEPRECATED_OBJC_IMPLEMENTATIONS = YES;
				CLANG_WARN_DIRECT_OBJC_ISA_USAGE = YES_ERROR;
				CLANG_WARN_DOCUMENTATION_COMMENTS = YES;
				CLANG_WARN_EMPTY_BODY = YES;
				CLANG_WARN_ENUM_CONVERSION = YES;
				CLANG_WARN_INFINITE_RECURSION = YES;
				CLANG_WARN_INT_CONVERSION = YES;
				CLANG_WARN_NON_LITERAL_NULL_CONVERSION = YES;
				CLANG_WARN_OBJC_IMPLICIT_RETAIN_SELF = YES;
				CLANG_WARN_OBJC_LITERAL_CONVERSION = YES;
				CLANG_WARN_OBJC_ROOT_CLASS = YES_ERROR;
				CLANG_WARN_QUOTED_INCLUDE_IN_FRAMEWORK_HEADER = YES;
				CLANG_WARN_RANGE_LOOP_ANALYSIS = YES;
				CLANG_WARN_STRICT_PROTOTYPES = YES;
				CLANG_WARN_SUSPICIOUS_MOVE = YES;
				CLANG_WARN_UNGUARDED_AVAILABILITY = YES_AGGRESSIVE;
				CLANG_WARN_UNREACHABLE_CODE = YES;
				CLANG_WARN__DUPLICATE_METHOD_MATCH = YES;
				COPY_PHASE_STRIP = NO;
				DEBUG_INFORMATION_FORMAT = dwarf;
				ENABLE_STRICT_OBJC_MSGSEND = YES;
				ENABLE_TESTABILITY = YES;
				GCC_C_LANGUAGE_STANDARD = gnu11;
				GCC_DYNAMIC_NO_PIC = NO;
				GCC_NO_COMMON_BLOCKS = YES;
				GCC_OPTIMIZATION_LEVEL = 0;
				GCC_PREPROCESSOR_DEFINITIONS = (
					"DEBUG=1",
					"$(inherited)",
				);
				GCC_WARN_64_TO_32_BIT_CONVERSION = YES;
				GCC_WARN_ABOUT_RETURN_TYPE = YES_ERROR;
				GCC_WARN_UNDECLARED_SELECTOR = YES;
				GCC_WARN_UNINITIALIZED_AUTOS = YES_AGGRESSIVE;
				GCC_WARN_UNUSED_FUNCTION = YES;
				GCC_WARN_UNUSED_VARIABLE = YES;
				IPHONEOS_DEPLOYMENT_TARGET = 14.1;
				MTL_ENABLE_DEBUG_INFO = INCLUDE_SOURCE;
				MTL_FAST_MATH = YES;
				ONLY_ACTIVE_ARCH = YES;
				SDKROOT = iphoneos;
				SWIFT_ACTIVE_COMPILATION_CONDITIONS = DEBUG;
				SWIFT_OPTIMIZATION_LEVEL = "-Onone";
			};
			name = Debug;
		};
		08DA46082558DA8C006521FA /* Release */ = {
			isa = XCBuildConfiguration;
			buildSettings = {
				ALWAYS_SEARCH_USER_PATHS = NO;
				CLANG_ANALYZER_NONNULL = YES;
				CLANG_ANALYZER_NUMBER_OBJECT_CONVERSION = YES_AGGRESSIVE;
				CLANG_CXX_LANGUAGE_STANDARD = "gnu++14";
				CLANG_CXX_LIBRARY = "libc++";
				CLANG_ENABLE_MODULES = YES;
				CLANG_ENABLE_OBJC_ARC = YES;
				CLANG_ENABLE_OBJC_WEAK = YES;
				CLANG_WARN_BLOCK_CAPTURE_AUTORELEASING = YES;
				CLANG_WARN_BOOL_CONVERSION = YES;
				CLANG_WARN_COMMA = YES;
				CLANG_WARN_CONSTANT_CONVERSION = YES;
				CLANG_WARN_DEPRECATED_OBJC_IMPLEMENTATIONS = YES;
				CLANG_WARN_DIRECT_OBJC_ISA_USAGE = YES_ERROR;
				CLANG_WARN_DOCUMENTATION_COMMENTS = YES;
				CLANG_WARN_EMPTY_BODY = YES;
				CLANG_WARN_ENUM_CONVERSION = YES;
				CLANG_WARN_INFINITE_RECURSION = YES;
				CLANG_WARN_INT_CONVERSION = YES;
				CLANG_WARN_NON_LITERAL_NULL_CONVERSION = YES;
				CLANG_WARN_OBJC_IMPLICIT_RETAIN_SELF = YES;
				CLANG_WARN_OBJC_LITERAL_CONVERSION = YES;
				CLANG_WARN_OBJC_ROOT_CLASS = YES_ERROR;
				CLANG_WARN_QUOTED_INCLUDE_IN_FRAMEWORK_HEADER = YES;
				CLANG_WARN_RANGE_LOOP_ANALYSIS = YES;
				CLANG_WARN_STRICT_PROTOTYPES = YES;
				CLANG_WARN_SUSPICIOUS_MOVE = YES;
				CLANG_WARN_UNGUARDED_AVAILABILITY = YES_AGGRESSIVE;
				CLANG_WARN_UNREACHABLE_CODE = YES;
				CLANG_WARN__DUPLICATE_METHOD_MATCH = YES;
				COPY_PHASE_STRIP = NO;
				DEBUG_INFORMATION_FORMAT = "dwarf-with-dsym";
				ENABLE_NS_ASSERTIONS = NO;
				ENABLE_STRICT_OBJC_MSGSEND = YES;
				GCC_C_LANGUAGE_STANDARD = gnu11;
				GCC_NO_COMMON_BLOCKS = YES;
				GCC_WARN_64_TO_32_BIT_CONVERSION = YES;
				GCC_WARN_ABOUT_RETURN_TYPE = YES_ERROR;
				GCC_WARN_UNDECLARED_SELECTOR = YES;
				GCC_WARN_UNINITIALIZED_AUTOS = YES_AGGRESSIVE;
				GCC_WARN_UNUSED_FUNCTION = YES;
				GCC_WARN_UNUSED_VARIABLE = YES;
				IPHONEOS_DEPLOYMENT_TARGET = 14.1;
				MTL_ENABLE_DEBUG_INFO = NO;
				MTL_FAST_MATH = YES;
				SDKROOT = iphoneos;
				SWIFT_COMPILATION_MODE = wholemodule;
				SWIFT_OPTIMIZATION_LEVEL = "-O";
				VALIDATE_PRODUCT = YES;
			};
			name = Release;
		};
		08DA460A2558DA8C006521FA /* Debug */ = {
			isa = XCBuildConfiguration;
			buildSettings = {
				ASSETCATALOG_COMPILER_APPICON_NAME = AppIcon;
				ASSETCATALOG_COMPILER_GLOBAL_ACCENT_COLOR_NAME = AccentColor;
				CODE_SIGN_STYLE = Automatic;
				INFOPLIST_FILE = VoteForProgrammingLanguage/Info.plist;
				LD_RUNPATH_SEARCH_PATHS = (
					"$(inherited)",
					"@executable_path/Frameworks",
				);
				PRODUCT_BUNDLE_IDENTIFIER = DY.VoteForProgrammingLanguage;
				PRODUCT_NAME = "$(TARGET_NAME)";
				SWIFT_VERSION = 5.0;
				TARGETED_DEVICE_FAMILY = "1,2";
			};
			name = Debug;
		};
		08DA460B2558DA8C006521FA /* Release */ = {
			isa = XCBuildConfiguration;
			buildSettings = {
				ASSETCATALOG_COMPILER_APPICON_NAME = AppIcon;
				ASSETCATALOG_COMPILER_GLOBAL_ACCENT_COLOR_NAME = AccentColor;
				CODE_SIGN_STYLE = Automatic;
				INFOPLIST_FILE = VoteForProgrammingLanguage/Info.plist;
				LD_RUNPATH_SEARCH_PATHS = (
					"$(inherited)",
					"@executable_path/Frameworks",
				);
				PRODUCT_BUNDLE_IDENTIFIER = DY.VoteForProgrammingLanguage;
				PRODUCT_NAME = "$(TARGET_NAME)";
				SWIFT_VERSION = 5.0;
				TARGETED_DEVICE_FAMILY = "1,2";
			};
			name = Release;
		};
/* End XCBuildConfiguration section */

/* Begin XCConfigurationList section */
		08DA45F02558DA89006521FA /* Build configuration list for PBXProject "VoteForProgrammingLanguage" */ = {
			isa = XCConfigurationList;
			buildConfigurations = (
				08DA46072558DA8C006521FA /* Debug */,
				08DA46082558DA8C006521FA /* Release */,
			);
			defaultConfigurationIsVisible = 0;
			defaultConfigurationName = Release;
		};
		08DA46092558DA8C006521FA /* Build configuration list for PBXNativeTarget "VoteForProgrammingLanguage" */ = {
			isa = XCConfigurationList;
			buildConfigurations = (
				08DA460A2558DA8C006521FA /* Debug */,
				08DA460B2558DA8C006521FA /* Release */,
			);
			defaultConfigurationIsVisible = 0;
			defaultConfigurationName = Release;
		};
/* End XCConfigurationList section */
	};
	rootObject = 08DA45ED2558DA89006521FA /* Project object */;
}
